
Microsoft Visual Studio Solution File, Format Version 12.00
# Visual Studio Version 16
VisualStudioVersion = 16.0.30114.105
MinimumVisualStudioVersion = 10.0.40219.1
Project("{FAE04EC0-301F-11D3-BF4B-00C04F79EFBC}") = "projecteuler.net6", "ProjectEuler\projecteuler.net6.csproj", "{3822BE6D-F56C-40B5-A2AC-98C1B6DA708D}"
EndProject
Project("{FAE04EC0-301F-11D3-BF4B-00C04F79EFBC}") = "TestX", "TestX\TestX.csproj", "{74F239EA-A349-49EB-961C-E636FD8A40D9}"
EndProject
Global
	GlobalSection(SolutionConfigurationPlatforms) = preSolution
		Debug|Any CPU = Debug|Any CPU
		Release|Any CPU = Release|Any CPU
	EndGlobalSection
	GlobalSection(SolutionProperties) = preSolution
		HideSolutionNode = FALSE
	EndGlobalSection
	GlobalSection(ProjectConfigurationPlatforms) = postSolution
		{3822BE6D-F56C-40B5-A2AC-98C1B6DA708D}.Debug|Any CPU.ActiveCfg = Debug|Any CPU
		{3822BE6D-F56C-40B5-A2AC-98C1B6DA708D}.Debug|Any CPU.Build.0 = Debug|Any CPU
		{3822BE6D-F56C-40B5-A2AC-98C1B6DA708D}.Release|Any CPU.ActiveCfg = Release|Any CPU
		{3822BE6D-F56C-40B5-A2AC-98C1B6DA708D}.Release|Any CPU.Build.0 = Release|Any CPU
		{74F239EA-A349-49EB-961C-E636FD8A40D9}.Debug|Any CPU.ActiveCfg = Debug|Any CPU
		{74F239EA-A349-49EB-961C-E636FD8A40D9}.Debug|Any CPU.Build.0 = Debug|Any CPU
		{74F239EA-A349-49EB-961C-E636FD8A40D9}.Release|Any CPU.ActiveCfg = Release|Any CPU
		{74F239EA-A349-49EB-961C-E636FD8A40D9}.Release|Any CPU.Build.0 = Release|Any CPU
	EndGlobalSection
EndGlobal
